
Microsoft Visual Studio Solution File, Format Version 12.00
# Visual Studio Version 17
VisualStudioVersion = 17.0.32014.148
MinimumVisualStudioVersion = 10.0.40219.1
Project("{9A19103F-16F7-4668-BE54-9A1E7A4F7556}") = "EdenWorks.Domain", "EdenWorks.Domain\EdenWorks.Domain.csproj", "{7CE9055D-AC0A-4470-9F60-53A217A4497E}"
EndProject
Project("{9A19103F-16F7-4668-BE54-9A1E7A4F7556}") = "EdenWorks.Infrastructure", "EdenWorks.Infrastructure\EdenWorks.Infrastructure.csproj", "{E53E15B4-F3A8-4EDC-852D-7B56E8415031}"
EndProject
Project("{9A19103F-16F7-4668-BE54-9A1E7A4F7556}") = "WorkEden.Application", "WorkEden.Application\WorkEden.Application.csproj", "{41F5B108-29DA-49BF-A21B-9667CC659347}"
EndProject
Project("{FAE04EC0-301F-11D3-BF4B-00C04F79EFBC}") = "EdenWorks.Presentation", "EdenWorks.Presentation\EdenWorks.Presentation.csproj", "{316D8379-2738-4F03-B424-A572DD165341}"
EndProject
Global
	GlobalSection(SolutionConfigurationPlatforms) = preSolution
		Debug|Any CPU = Debug|Any CPU
		Release|Any CPU = Release|Any CPU
	EndGlobalSection
	GlobalSection(ProjectConfigurationPlatforms) = postSolution
		{7CE9055D-AC0A-4470-9F60-53A217A4497E}.Debug|Any CPU.ActiveCfg = Debug|Any CPU
		{7CE9055D-AC0A-4470-9F60-53A217A4497E}.Debug|Any CPU.Build.0 = Debug|Any CPU
		{7CE9055D-AC0A-4470-9F60-53A217A4497E}.Release|Any CPU.ActiveCfg = Release|Any CPU
		{7CE9055D-AC0A-4470-9F60-53A217A4497E}.Release|Any CPU.Build.0 = Release|Any CPU
		{E53E15B4-F3A8-4EDC-852D-7B56E8415031}.Debug|Any CPU.ActiveCfg = Debug|Any CPU
		{E53E15B4-F3A8-4EDC-852D-7B56E8415031}.Debug|Any CPU.Build.0 = Debug|Any CPU
		{E53E15B4-F3A8-4EDC-852D-7B56E8415031}.Release|Any CPU.ActiveCfg = Release|Any CPU
		{E53E15B4-F3A8-4EDC-852D-7B56E8415031}.Release|Any CPU.Build.0 = Release|Any CPU
		{41F5B108-29DA-49BF-A21B-9667CC659347}.Debug|Any CPU.ActiveCfg = Debug|Any CPU
		{41F5B108-29DA-49BF-A21B-9667CC659347}.Debug|Any CPU.Build.0 = Debug|Any CPU
		{41F5B108-29DA-49BF-A21B-9667CC659347}.Release|Any CPU.ActiveCfg = Release|Any CPU
		{41F5B108-29DA-49BF-A21B-9667CC659347}.Release|Any CPU.Build.0 = Release|Any CPU
		{316D8379-2738-4F03-B424-A572DD165341}.Debug|Any CPU.ActiveCfg = Debug|Any CPU
		{316D8379-2738-4F03-B424-A572DD165341}.Debug|Any CPU.Build.0 = Debug|Any CPU
		{316D8379-2738-4F03-B424-A572DD165341}.Release|Any CPU.ActiveCfg = Release|Any CPU
		{316D8379-2738-4F03-B424-A572DD165341}.Release|Any CPU.Build.0 = Release|Any CPU
	EndGlobalSection
	GlobalSection(SolutionProperties) = preSolution
		HideSolutionNode = FALSE
	EndGlobalSection
	GlobalSection(ExtensibilityGlobals) = postSolution
		SolutionGuid = {C1714585-C34F-4159-992F-72E75D67DA92}
	EndGlobalSection
EndGlobal
